
Microsoft Visual Studio Solution File, Format Version 12.00
# Visual Studio Version 17
VisualStudioVersion = 17.4.33213.308
MinimumVisualStudioVersion = 10.0.40219.1
Project("{FAE04EC0-301F-11D3-BF4B-00C04F79EFBC}") = "NewLife.Web", "NewLife.Web\NewLife.Web.csproj", "{DC6417B9-8D13-46EC-B9CB-7B840CDC5375}"
EndProject
Global
	GlobalSection(SolutionConfigurationPlatforms) = preSolution
		Debug|Any CPU = Debug|Any CPU
		Release|Any CPU = Release|Any CPU
	EndGlobalSection
	GlobalSection(ProjectConfigurationPlatforms) = postSolution
		{DC6417B9-8D13-46EC-B9CB-7B840CDC5375}.Debug|Any CPU.ActiveCfg = Debug|Any CPU
		{DC6417B9-8D13-46EC-B9CB-7B840CDC5375}.Debug|Any CPU.Build.0 = Debug|Any CPU
		{DC6417B9-8D13-46EC-B9CB-7B840CDC5375}.Release|Any CPU.ActiveCfg = Release|Any CPU
		{DC6417B9-8D13-46EC-B9CB-7B840CDC5375}.Release|Any CPU.Build.0 = Release|Any CPU
	EndGlobalSection
	GlobalSection(SolutionProperties) = preSolution
		HideSolutionNode = FALSE
	EndGlobalSection
	GlobalSection(ExtensibilityGlobals) = postSolution
		SolutionGuid = {97D5E56E-925E-4284-96C1-25DA262AB427}
	EndGlobalSection
EndGlobal
